// !$*UTF8*$!
{
	archiveVersion = 1;
	classes = {
	};
	objectVersion = 46;
	objects = {

/* Begin PBXBuildFile section */
		05E9FA641C4F249D002D392E /* AppDelegate.swift in Sources */ = {isa = PBXBuildFile; fileRef = 05E9FA631C4F249D002D392E /* AppDelegate.swift */; };
		05E9FA661C4F249D002D392E /* ViewController.swift in Sources */ = {isa = PBXBuildFile; fileRef = 05E9FA651C4F249D002D392E /* ViewController.swift */; };
		05E9FA691C4F249D002D392E /* Main.storyboard in Resources */ = {isa = PBXBuildFile; fileRef = 05E9FA671C4F249D002D392E /* Main.storyboard */; };
		05E9FA6B1C4F249D002D392E /* Assets.xcassets in Resources */ = {isa = PBXBuildFile; fileRef = 05E9FA6A1C4F249D002D392E /* Assets.xcassets */; };
		05E9FA6E1C4F249D002D392E /* LaunchScreen.storyboard in Resources */ = {isa = PBXBuildFile; fileRef = 05E9FA6C1C4F249D002D392E /* LaunchScreen.storyboard */; };
		05E9FA791C4F2FA5002D392E /* CatsTableViewController.swift in Sources */ = {isa = PBXBuildFile; fileRef = 05E9FA781C4F2FA5002D392E /* CatsTableViewController.swift */; };
		84FD5112949364DDAEF42F97 /* libPods.a in Frameworks */ = {isa = PBXBuildFile; fileRef = 9E3202B9AF49DA6549B7D73A /* libPods.a */; };
/* End PBXBuildFile section */

/* Begin PBXFileReference section */
		05E9FA601C4F249D002D392E /* Paws.app */ = {isa = PBXFileReference; explicitFileType = wrapper.application; includeInIndex = 0; path = Paws.app; sourceTree = BUILT_PRODUCTS_DIR; };
		05E9FA631C4F249D002D392E /* AppDelegate.swift */ = {isa = PBXFileReference; lastKnownFileType = sourcecode.swift; path = AppDelegate.swift; sourceTree = "<group>"; };
		05E9FA651C4F249D002D392E /* ViewController.swift */ = {isa = PBXFileReference; lastKnownFileType = sourcecode.swift; path = ViewController.swift; sourceTree = "<group>"; };
		05E9FA681C4F249D002D392E /* Base */ = {isa = PBXFileReference; lastKnownFileType = file.storyboard; name = Base; path = Base.lproj/Main.storyboard; sourceTree = "<group>"; };
		05E9FA6A1C4F249D002D392E /* Assets.xcassets */ = {isa = PBXFileReference; lastKnownFileType = folder.assetcatalog; path = Assets.xcassets; sourceTree = "<group>"; };
		05E9FA6D1C4F249D002D392E /* Base */ = {isa = PBXFileReference; lastKnownFileType = file.storyboard; name = Base; path = Base.lproj/LaunchScreen.storyboard; sourceTree = "<group>"; };
		05E9FA6F1C4F249D002D392E /* Info.plist */ = {isa = PBXFileReference; lastKnownFileType = text.plist.xml; path = Info.plist; sourceTree = "<group>"; };
		05E9FA751C4F2B8F002D392E /* Paws-Bridging-Header.h */ = {isa = PBXFileReference; lastKnownFileType = sourcecode.c.h; path = "Paws-Bridging-Header.h"; sourceTree = "<group>"; };
		05E9FA781C4F2FA5002D392E /* CatsTableViewController.swift */ = {isa = PBXFileReference; fileEncoding = 4; lastKnownFileType = sourcecode.swift; path = CatsTableViewController.swift; sourceTree = "<group>"; };
		31A2CB51C141AA94A46291BD /* Pods.release.xcconfig */ = {isa = PBXFileReference; includeInIndex = 1; lastKnownFileType = text.xcconfig; name = Pods.release.xcconfig; path = "Pods/Target Support Files/Pods/Pods.release.xcconfig"; sourceTree = "<group>"; };
		56CAD1C87A323DAEF56F97B5 /* Pods.debug.xcconfig */ = {isa = PBXFileReference; includeInIndex = 1; lastKnownFileType = text.xcconfig; name = Pods.debug.xcconfig; path = "Pods/Target Support Files/Pods/Pods.debug.xcconfig"; sourceTree = "<group>"; };
		9E3202B9AF49DA6549B7D73A /* libPods.a */ = {isa = PBXFileReference; explicitFileType = archive.ar; includeInIndex = 0; path = libPods.a; sourceTree = BUILT_PRODUCTS_DIR; };
/* End PBXFileReference section */

/* Begin PBXFrameworksBuildPhase section */
		05E9FA5D1C4F249D002D392E /* Frameworks */ = {
			isa = PBXFrameworksBuildPhase;
			buildActionMask = 2147483647;
			files = (
				84FD5112949364DDAEF42F97 /* libPods.a in Frameworks */,
			);
			runOnlyForDeploymentPostprocessing = 0;
		};
/* End PBXFrameworksBuildPhase section */

/* Begin PBXGroup section */
		05E9FA571C4F249D002D392E = {
			isa = PBXGroup;
			children = (
				05E9FA621C4F249D002D392E /* Paws */,
				05E9FA611C4F249D002D392E /* Products */,
				A75ED40C9A343DBD384262AE /* Pods */,
				E66885C3037BC025F339DE00 /* Frameworks */,
			);
			sourceTree = "<group>";
			wrapsLines = 1;
		};
		05E9FA611C4F249D002D392E /* Products */ = {
			isa = PBXGroup;
			children = (
				05E9FA601C4F249D002D392E /* Paws.app */,
			);
			name = Products;
			sourceTree = "<group>";
		};
		05E9FA621C4F249D002D392E /* Paws */ = {
			isa = PBXGroup;
			children = (
				05E9FA631C4F249D002D392E /* AppDelegate.swift */,
				05E9FA651C4F249D002D392E /* ViewController.swift */,
				05E9FA671C4F249D002D392E /* Main.storyboard */,
				05E9FA6A1C4F249D002D392E /* Assets.xcassets */,
				05E9FA6C1C4F249D002D392E /* LaunchScreen.storyboard */,
				05E9FA6F1C4F249D002D392E /* Info.plist */,
				05E9FA751C4F2B8F002D392E /* Paws-Bridging-Header.h */,
				05E9FA781C4F2FA5002D392E /* CatsTableViewController.swift */,
			);
			path = Paws;
			sourceTree = "<group>";
		};
		A75ED40C9A343DBD384262AE /* Pods */ = {
			isa = PBXGroup;
			children = (
				56CAD1C87A323DAEF56F97B5 /* Pods.debug.xcconfig */,
				31A2CB51C141AA94A46291BD /* Pods.release.xcconfig */,
			);
			name = Pods;
			sourceTree = "<group>";
		};
		E66885C3037BC025F339DE00 /* Frameworks */ = {
			isa = PBXGroup;
			children = (
				9E3202B9AF49DA6549B7D73A /* libPods.a */,
			);
			name = Frameworks;
			sourceTree = "<group>";
		};
/* End PBXGroup section */

/* Begin PBXNativeTarget section */
		05E9FA5F1C4F249D002D392E /* Paws */ = {
			isa = PBXNativeTarget;
			buildConfigurationList = 05E9FA721C4F249D002D392E /* Build configuration list for PBXNativeTarget "Paws" */;
			buildPhases = (
				48E3B55B295869353DCE911D /* Check Pods Manifest.lock */,
				05E9FA5C1C4F249D002D392E /* Sources */,
				05E9FA5D1C4F249D002D392E /* Frameworks */,
				05E9FA5E1C4F249D002D392E /* Resources */,
				8C05AE0B2E0328C7C2AB65DD /* Embed Pods Frameworks */,
				8C3790624884D77C3BBBE2BF /* Copy Pods Resources */,
			);
			buildRules = (
			);
			dependencies = (
			);
			name = Paws;
			productName = Paws;
			productReference = 05E9FA601C4F249D002D392E /* Paws.app */;
			productType = "com.apple.product-type.application";
		};
/* End PBXNativeTarget section */

/* Begin PBXProject section */
		05E9FA581C4F249D002D392E /* Project object */ = {
			isa = PBXProject;
			attributes = {
				LastSwiftUpdateCheck = 0720;
				LastUpgradeCheck = 0720;
				ORGANIZATIONNAME = "Jason Ding";
				TargetAttributes = {
					05E9FA5F1C4F249D002D392E = {
						CreatedOnToolsVersion = 7.2;
						DevelopmentTeam = 4XQN6XHP88;
					};
				};
			};
			buildConfigurationList = 05E9FA5B1C4F249D002D392E /* Build configuration list for PBXProject "Paws" */;
			compatibilityVersion = "Xcode 3.2";
			developmentRegion = English;
			hasScannedForEncodings = 0;
			knownRegions = (
				en,
				Base,
			);
			mainGroup = 05E9FA571C4F249D002D392E;
			productRefGroup = 05E9FA611C4F249D002D392E /* Products */;
			projectDirPath = "";
			projectRoot = "";
			targets = (
				05E9FA5F1C4F249D002D392E /* Paws */,
			);
		};
/* End PBXProject section */

/* Begin PBXResourcesBuildPhase section */
		05E9FA5E1C4F249D002D392E /* Resources */ = {
			isa = PBXResourcesBuildPhase;
			buildActionMask = 2147483647;
			files = (
				05E9FA6E1C4F249D002D392E /* LaunchScreen.storyboard in Resources */,
				05E9FA6B1C4F249D002D392E /* Assets.xcassets in Resources */,
				05E9FA691C4F249D002D392E /* Main.storyboard in Resources */,
			);
			runOnlyForDeploymentPostprocessing = 0;
		};
/* End PBXResourcesBuildPhase section */

/* Begin PBXShellScriptBuildPhase section */
		48E3B55B295869353DCE911D /* Check Pods Manifest.lock */ = {
			isa = PBXShellScriptBuildPhase;
			buildActionMask = 2147483647;
			files = (
			);
			inputPaths = (
			);
			name = "Check Pods Manifest.lock";
			outputPaths = (
			);
			runOnlyForDeploymentPostprocessing = 0;
			shellPath = /bin/sh;
			shellScript = "diff \"${PODS_ROOT}/../Podfile.lock\" \"${PODS_ROOT}/Manifest.lock\" > /dev/null\nif [[ $? != 0 ]] ; then\n    cat << EOM\nerror: The sandbox is not in sync with the Podfile.lock. Run 'pod install' or update your CocoaPods installation.\nEOM\n    exit 1\nfi\n";
			showEnvVarsInLog = 0;
		};
		8C05AE0B2E0328C7C2AB65DD /* Embed Pods Frameworks */ = {
			isa = PBXShellScriptBuildPhase;
			buildActionMask = 2147483647;
			files = (
			);
			inputPaths = (
			);
			name = "Embed Pods Frameworks";
			outputPaths = (
			);
			runOnlyForDeploymentPostprocessing = 0;
			shellPath = /bin/sh;
			shellScript = "\"${SRCROOT}/Pods/Target Support Files/Pods/Pods-frameworks.sh\"\n";
			showEnvVarsInLog = 0;
		};
		8C3790624884D77C3BBBE2BF /* Copy Pods Resources */ = {
			isa = PBXShellScriptBuildPhase;
			buildActionMask = 2147483647;
			files = (
			);
			inputPaths = (
			);
			name = "Copy Pods Resources";
			outputPaths = (
			);
			runOnlyForDeploymentPostprocessing = 0;
			shellPath = /bin/sh;
			shellScript = "\"${SRCROOT}/Pods/Target Support Files/Pods/Pods-resources.sh\"\n";
			showEnvVarsInLog = 0;
		};
/* End PBXShellScriptBuildPhase section */

/* Begin PBXSourcesBuildPhase section */
		05E9FA5C1C4F249D002D392E /* Sources */ = {
			isa = PBXSourcesBuildPhase;
			buildActionMask = 2147483647;
			files = (
				05E9FA661C4F249D002D392E /* ViewController.swift in Sources */,
				05E9FA791C4F2FA5002D392E /* CatsTableViewController.swift in Sources */,
				05E9FA641C4F249D002D392E /* AppDelegate.swift in Sources */,
			);
			runOnlyForDeploymentPostprocessing = 0;
		};
/* End PBXSourcesBuildPhase section */

/* Begin PBXVariantGroup section */
		05E9FA671C4F249D002D392E /* Main.storyboard */ = {
			isa = PBXVariantGroup;
			children = (
				05E9FA681C4F249D002D392E /* Base */,
			);
			name = Main.storyboard;
			sourceTree = "<group>";
		};
		05E9FA6C1C4F249D002D392E /* LaunchScreen.storyboard */ = {
			isa = PBXVariantGroup;
			children = (
				05E9FA6D1C4F249D002D392E /* Base */,
			);
			name = LaunchScreen.storyboard;
			sourceTree = "<group>";
		};
/* End PBXVariantGroup section */

/* Begin XCBuildConfiguration section */
		05E9FA701C4F249D002D392E /* Debug */ = {
			isa = XCBuildConfiguration;
			buildSettings = {
				ALWAYS_SEARCH_USER_PATHS = NO;
				CLANG_CXX_LANGUAGE_STANDARD = "gnu++0x";
				CLANG_CXX_LIBRARY = "libc++";
				CLANG_ENABLE_MODULES = YES;
				CLANG_ENABLE_OBJC_ARC = YES;
				CLANG_WARN_BOOL_CONVERSION = YES;
				CLANG_WARN_CONSTANT_CONVERSION = YES;
				CLANG_WARN_DIRECT_OBJC_ISA_USAGE = YES_ERROR;
				CLANG_WARN_EMPTY_BODY = YES;
				CLANG_WARN_ENUM_CONVERSION = YES;
				CLANG_WARN_INT_CONVERSION = YES;
				CLANG_WARN_OBJC_ROOT_CLASS = YES_ERROR;
				CLANG_WARN_UNREACHABLE_CODE = YES;
				CLANG_WARN__DUPLICATE_METHOD_MATCH = YES;
				"CODE_SIGN_IDENTITY[sdk=iphoneos*]" = "iPhone Developer";
				COPY_PHASE_STRIP = NO;
				DEBUG_INFORMATION_FORMAT = dwarf;
				ENABLE_STRICT_OBJC_MSGSEND = YES;
				ENABLE_TESTABILITY = YES;
				GCC_C_LANGUAGE_STANDARD = gnu99;
				GCC_DYNAMIC_NO_PIC = NO;
				GCC_NO_COMMON_BLOCKS = YES;
				GCC_OPTIMIZATION_LEVEL = 0;
				GCC_PREPROCESSOR_DEFINITIONS = (
					"DEBUG=1",
					"$(inherited)",
				);
				GCC_WARN_64_TO_32_BIT_CONVERSION = YES;
				GCC_WARN_ABOUT_RETURN_TYPE = YES_ERROR;
				GCC_WARN_UNDECLARED_SELECTOR = YES;
				GCC_WARN_UNINITIALIZED_AUTOS = YES_AGGRESSIVE;
				GCC_WARN_UNUSED_FUNCTION = YES;
				GCC_WARN_UNUSED_VARIABLE = YES;
				IPHONEOS_DEPLOYMENT_TARGET = 9.2;
				MTL_ENABLE_DEBUG_INFO = YES;
				ONLY_ACTIVE_ARCH = YES;
				SDKROOT = iphoneos;
				SWIFT_OPTIMIZATION_LEVEL = "-Onone";
				TARGETED_DEVICE_FAMILY = "1,2";
			};
			name = Debug;
		};
		05E9FA711C4F249D002D392E /* Release */ = {
			isa = XCBuildConfiguration;
			buildSettings = {
				ALWAYS_SEARCH_USER_PATHS = NO;
				CLANG_CXX_LANGUAGE_STANDARD = "gnu++0x";
				CLANG_CXX_LIBRARY = "libc++";
				CLANG_ENABLE_MODULES = YES;
				CLANG_ENABLE_OBJC_ARC = YES;
				CLANG_WARN_BOOL_CONVERSION = YES;
				CLANG_WARN_CONSTANT_CONVERSION = YES;
				CLANG_WARN_DIRECT_OBJC_ISA_USAGE = YES_ERROR;
				CLANG_WARN_EMPTY_BODY = YES;
				CLANG_WARN_ENUM_CONVERSION = YES;
				CLANG_WARN_INT_CONVERSION = YES;
				CLANG_WARN_OBJC_ROOT_CLASS = YES_ERROR;
				CLANG_WARN_UNREACHABLE_CODE = YES;
				CLANG_WARN__DUPLICATE_METHOD_MATCH = YES;
				"CODE_SIGN_IDENTITY[sdk=iphoneos*]" = "iPhone Developer";
				COPY_PHASE_STRIP = NO;
				DEBUG_INFORMATION_FORMAT = "dwarf-with-dsym";
				ENABLE_NS_ASSERTIONS = NO;
				ENABLE_STRICT_OBJC_MSGSEND = YES;
				GCC_C_LANGUAGE_STANDARD = gnu99;
				GCC_NO_COMMON_BLOCKS = YES;
				GCC_WARN_64_TO_32_BIT_CONVERSION = YES;
				GCC_WARN_ABOUT_RETURN_TYPE = YES_ERROR;
				GCC_WARN_UNDECLARED_SELECTOR = YES;
				GCC_WARN_UNINITIALIZED_AUTOS = YES_AGGRESSIVE;
				GCC_WARN_UNUSED_FUNCTION = YES;
				GCC_WARN_UNUSED_VARIABLE = YES;
				IPHONEOS_DEPLOYMENT_TARGET = 9.2;
				MTL_ENABLE_DEBUG_INFO = NO;
				SDKROOT = iphoneos;
				TARGETED_DEVICE_FAMILY = "1,2";
				VALIDATE_PRODUCT = YES;
			};
			name = Release;
		};
		05E9FA731C4F249D002D392E /* Debug */ = {
			isa = XCBuildConfiguration;
			baseConfigurationReference = 56CAD1C87A323DAEF56F97B5 /* Pods.debug.xcconfig */;
			buildSettings = {
				ASSETCATALOG_COMPILER_APPICON_NAME = AppIcon;
				CLANG_ENABLE_MODULES = YES;
				INFOPLIST_FILE = Paws/Info.plist;
				LD_RUNPATH_SEARCH_PATHS = "$(inherited) @executable_path/Frameworks";
				PRODUCT_BUNDLE_IDENTIFIER = com.jasonding.Paws;
				PRODUCT_NAME = "$(TARGET_NAME)";
				SWIFT_OBJC_BRIDGING_HEADER = "Paws/Paws-Bridging-Header.h";
				SWIFT_OPTIMIZATION_LEVEL = "-Onone";
			};
			name = Debug;
		};
		05E9FA741C4F249D002D392E /* Release */ = {
			isa = XCBuildConfiguration;
			baseConfigurationReference = 31A2CB51C141AA94A46291BD /* Pods.release.xcconfig */;
			buildSettings = {
				ASSETCATALOG_COMPILER_APPICON_NAME = AppIcon;
				CLANG_ENABLE_MODULES = YES;
				INFOPLIST_FILE = Paws/Info.plist;
				LD_RUNPATH_SEARCH_PATHS = "$(inherited) @executable_path/Frameworks";
				PRODUCT_BUNDLE_IDENTIFIER = com.jasonding.Paws;
				PRODUCT_NAME = "$(TARGET_NAME)";
				SWIFT_OBJC_BRIDGING_HEADER = "Paws/Paws-Bridging-Header.h";
			};
			name = Release;
		};
/* End XCBuildConfiguration section */

/* Begin XCConfigurationList section */
		05E9FA5B1C4F249D002D392E /* Build configuration list for PBXProject "Paws" */ = {
			isa = XCConfigurationList;
			buildConfigurations = (
				05E9FA701C4F249D002D392E /* Debug */,
				05E9FA711C4F249D002D392E /* Release */,
			);
			defaultConfigurationIsVisible = 0;
			defaultConfigurationName = Release;
		};
		05E9FA721C4F249D002D392E /* Build configuration list for PBXNativeTarget "Paws" */ = {
			isa = XCConfigurationList;
			buildConfigurations = (
				05E9FA731C4F249D002D392E /* Debug */,
				05E9FA741C4F249D002D392E /* Release */,
			);
			defaultConfigurationIsVisible = 0;
			defaultConfigurationName = Release;
		};
/* End XCConfigurationList section */
	};
	rootObject = 05E9FA581C4F249D002D392E /* Project object */;
}
